<?xml version="1.0" encoding="utf-8"?>
<Project ToolsVersion="4.0" xmlns="http://schemas.microsoft.com/developer/msbuild/2003">
  <ItemGroup>
    <Filter Include="Source Files">
      <UniqueIdentifier>{4FC737F1-C7A5-4376-A066-2A32D752A2FF}</UniqueIdentifier>
      <Extensions>cpp;c;cc;cxx;c++;cppm;ixx;def;odl;idl;hpj;bat;asm;asmx</Extensions>
    </Filter>
    <Filter Include="Header Files">
      <UniqueIdentifier>{93995380-89BD-4b04-88EB-625FBE52EBFB}</UniqueIdentifier>
      <Extensions>h;hh;hpp;hxx;h++;hm;inl;inc;ipp;xsd</Extensions>
    </Filter>
    <Filter Include="Resource Files">
      <UniqueIdentifier>{67DA6AB6-F800-4c08-8B7A-83BB121AAD01}</UniqueIdentifier>
      <Extensions>rc;ico;cur;bmp;dlg;rc2;rct;bin;rgs;gif;jpg;jpeg;jpe;resx;tiff;tif;png;wav;mfcribbon-ms</Extensions>
    </Filter>
    <Filter Include="Source Files\SDL_Test">
      <UniqueIdentifier>{4c4ab944-40ae-49d1-8fc4-e358e6c50bb6}</UniqueIdentifier>
    </Filter>
    <Filter Include="Source Files\Breakout">
      <UniqueIdentifier>{40860182-7812-4c98-821c-dde16accdf31}</UniqueIdentifier>
    </Filter>
  </ItemGroup>
  <ItemGroup>
    <ClCompile Include="BLevel.cpp">
      <Filter>Source Files\Breakout</Filter>
    </ClCompile>
    <ClCompile Include="BGraphics.cpp">
      <Filter>Source Files\Breakout</Filter>
    </ClCompile>
    <ClCompile Include="BPlayerControl.cpp">
      <Filter>Source Files\Breakout</Filter>
    </ClCompile>
    <ClCompile Include="BTexture.cpp">
      <Filter>Source Files\Breakout</Filter>
    </ClCompile>
    <ClCompile Include="BBrickType.cpp">
      <Filter>Source Files\Breakout</Filter>
    </ClCompile>
    <ClCompile Include="BBall.cpp">
      <Filter>Source Files\Breakout</Filter>
    </ClCompile>
    <ClCompile Include="BBricks.cpp">
      <Filter>Source Files\Breakout</Filter>
    </ClCompile>
    <ClCompile Include="BSound.cpp">
      <Filter>Source Files\Breakout</Filter>
    </ClCompile>
    <ClCompile Include="Source.cpp">
      <Filter>Source Files</Filter>
    </ClCompile>
    <ClCompile Include="BGame_Level_1_2.cpp">
      <Filter>Source Files\Breakout</Filter>
    </ClCompile>
    <ClCompile Include="BGame_Level_2.cpp">
      <Filter>Source Files</Filter>
    </ClCompile>
  </ItemGroup>
  <ItemGroup>
    <ClInclude Include="TextureRendering.h">
      <Filter>Source Files\SDL_Test</Filter>
    </ClInclude>
    <ClInclude Include="PNGImageInput.h">
      <Filter>Source Files\SDL_Test</Filter>
    </ClInclude>
    <ClInclude Include="ImageOnScreen.h">
      <Filter>Source Files\SDL_Test</Filter>
    </ClInclude>
    <ClInclude Include="NewImageInput.h">
      <Filter>Source Files\SDL_Test</Filter>
    </ClInclude>
    <ClInclude Include="OldImageInput.h">
      <Filter>Source Files\SDL_Test</Filter>
    </ClInclude>
    <ClInclude Include="GeometricRender.h">
      <Filter>Source Files\SDL_Test</Filter>
    </ClInclude>
    <ClInclude Include="ClipRender_Sprites.h">
      <Filter>Source Files\SDL_Test</Filter>
    </ClInclude>
    <ClInclude Include="AnimatedSprite.h">
      <Filter>Source Files\SDL_Test</Filter>
    </ClInclude>
    <ClInclude Include="RotationTexture.h">
      <Filter>Source Files\SDL_Test</Filter>
    </ClInclude>
    <ClInclude Include="BBrickType.h">
      <Filter>Source Files\Breakout</Filter>
    </ClInclude>
    <ClInclude Include="BLevel.h">
      <Filter>Source Files\Breakout</Filter>
    </ClInclude>
    <ClInclude Include="MouseMotion.h">
      <Filter>Source Files\SDL_Test</Filter>
    </ClInclude>
    <ClInclude Include="game-test1.h">
      <Filter>Source Files\SDL_Test</Filter>
    </ClInclude>
    <ClInclude Include="BTexture.h">
      <Filter>Source Files\Breakout</Filter>
    </ClInclude>
    <ClInclude Include="BGraphics.h">
      <Filter>Source Files\Breakout</Filter>
    </ClInclude>
    <ClInclude Include="BPlayerControl.h">
      <Filter>Source Files\Breakout</Filter>
    </ClInclude>
    <ClInclude Include="BBall.h">
      <Filter>Source Files\Breakout</Filter>
    </ClInclude>
    <ClInclude Include="BBricks.h">
      <Filter>Source Files\Breakout</Filter>
    </ClInclude>
    <ClInclude Include="Graphics.h">
      <Filter>Source Files\SDL_Test</Filter>
    </ClInclude>
    <ClInclude Include="BSound.h">
      <Filter>Source Files\Breakout</Filter>
    </ClInclude>
    <ClInclude Include="BGame_Level_1_2.h">
      <Filter>Source Files\Breakout</Filter>
    </ClInclude>
    <ClInclude Include="Header.h">
      <Filter>Source Files\SDL_Test</Filter>
    </ClInclude>
    <ClInclude Include="BGame_Level_2.h">
      <Filter>Source Files</Filter>
    </ClInclude>
  </ItemGroup>
</Project>